
Microsoft Visual Studio Solution File, Format Version 12.00
# Visual Studio Version 17
VisualStudioVersion = 17.0.32014.148
MinimumVisualStudioVersion = 10.0.40219.1
Project("{FAE04EC0-301F-11D3-BF4B-00C04F79EFBC}") = "Task1", "Task1\Task1.csproj", "{5DAD857E-B57A-47A2-A582-1127F9549B82}"
EndProject
Global
	GlobalSection(SolutionConfigurationPlatforms) = preSolution
		Debug|Any CPU = Debug|Any CPU
		Release|Any CPU = Release|Any CPU
	EndGlobalSection
	GlobalSection(ProjectConfigurationPlatforms) = postSolution
		{5DAD857E-B57A-47A2-A582-1127F9549B82}.Debug|Any CPU.ActiveCfg = Debug|Any CPU
		{5DAD857E-B57A-47A2-A582-1127F9549B82}.Debug|Any CPU.Build.0 = Debug|Any CPU
		{5DAD857E-B57A-47A2-A582-1127F9549B82}.Release|Any CPU.ActiveCfg = Release|Any CPU
		{5DAD857E-B57A-47A2-A582-1127F9549B82}.Release|Any CPU.Build.0 = Release|Any CPU
	EndGlobalSection
	GlobalSection(SolutionProperties) = preSolution
		HideSolutionNode = FALSE
	EndGlobalSection
	GlobalSection(ExtensibilityGlobals) = postSolution
		SolutionGuid = {5A3525B6-413E-449C-B639-44F17A6CD154}
	EndGlobalSection
EndGlobal
